
Microsoft Visual Studio Solution File, Format Version 12.00
# Visual Studio Version 16
VisualStudioVersion = 16.0.30517.126
MinimumVisualStudioVersion = 10.0.40219.1
Project("{FAE04EC0-301F-11D3-BF4B-00C04F79EFBC}") = "uri_1037", "uri_1037\uri_1037.csproj", "{C9F60A69-03DC-441A-A8D0-071EACBAADD7}"
EndProject
Global
	GlobalSection(SolutionConfigurationPlatforms) = preSolution
		Debug|Any CPU = Debug|Any CPU
		Release|Any CPU = Release|Any CPU
	EndGlobalSection
	GlobalSection(ProjectConfigurationPlatforms) = postSolution
		{C9F60A69-03DC-441A-A8D0-071EACBAADD7}.Debug|Any CPU.ActiveCfg = Debug|Any CPU
		{C9F60A69-03DC-441A-A8D0-071EACBAADD7}.Debug|Any CPU.Build.0 = Debug|Any CPU
		{C9F60A69-03DC-441A-A8D0-071EACBAADD7}.Release|Any CPU.ActiveCfg = Release|Any CPU
		{C9F60A69-03DC-441A-A8D0-071EACBAADD7}.Release|Any CPU.Build.0 = Release|Any CPU
	EndGlobalSection
	GlobalSection(SolutionProperties) = preSolution
		HideSolutionNode = FALSE
	EndGlobalSection
	GlobalSection(ExtensibilityGlobals) = postSolution
		SolutionGuid = {561812B7-3C51-44DB-B9E8-3D4036CA59B0}
	EndGlobalSection
EndGlobal
