
Microsoft Visual Studio Solution File, Format Version 12.00
# Visual Studio Version 16
VisualStudioVersion = 16.0.30517.126
MinimumVisualStudioVersion = 10.0.40219.1
Project("{FAE04EC0-301F-11D3-BF4B-00C04F79EFBC}") = "uri_1114", "uri_1114\uri_1114.csproj", "{0BDC99CA-C56E-4207-9224-6A37679F95AD}"
EndProject
Global
	GlobalSection(SolutionConfigurationPlatforms) = preSolution
		Debug|Any CPU = Debug|Any CPU
		Release|Any CPU = Release|Any CPU
	EndGlobalSection
	GlobalSection(ProjectConfigurationPlatforms) = postSolution
		{0BDC99CA-C56E-4207-9224-6A37679F95AD}.Debug|Any CPU.ActiveCfg = Debug|Any CPU
		{0BDC99CA-C56E-4207-9224-6A37679F95AD}.Debug|Any CPU.Build.0 = Debug|Any CPU
		{0BDC99CA-C56E-4207-9224-6A37679F95AD}.Release|Any CPU.ActiveCfg = Release|Any CPU
		{0BDC99CA-C56E-4207-9224-6A37679F95AD}.Release|Any CPU.Build.0 = Release|Any CPU
	EndGlobalSection
	GlobalSection(SolutionProperties) = preSolution
		HideSolutionNode = FALSE
	EndGlobalSection
	GlobalSection(ExtensibilityGlobals) = postSolution
		SolutionGuid = {7200BF3B-6FBB-4E2B-BD1F-03A7431950C9}
	EndGlobalSection
EndGlobal
