
Microsoft Visual Studio Solution File, Format Version 12.00
# Visual Studio Version 16
VisualStudioVersion = 16.0.30517.126
MinimumVisualStudioVersion = 10.0.40219.1
Project("{FAE04EC0-301F-11D3-BF4B-00C04F79EFBC}") = "uri_1113", "uri_1113\uri_1113.csproj", "{7416DE3A-9414-4217-86BE-C384DCFBA355}"
EndProject
Global
	GlobalSection(SolutionConfigurationPlatforms) = preSolution
		Debug|Any CPU = Debug|Any CPU
		Release|Any CPU = Release|Any CPU
	EndGlobalSection
	GlobalSection(ProjectConfigurationPlatforms) = postSolution
		{7416DE3A-9414-4217-86BE-C384DCFBA355}.Debug|Any CPU.ActiveCfg = Debug|Any CPU
		{7416DE3A-9414-4217-86BE-C384DCFBA355}.Debug|Any CPU.Build.0 = Debug|Any CPU
		{7416DE3A-9414-4217-86BE-C384DCFBA355}.Release|Any CPU.ActiveCfg = Release|Any CPU
		{7416DE3A-9414-4217-86BE-C384DCFBA355}.Release|Any CPU.Build.0 = Release|Any CPU
	EndGlobalSection
	GlobalSection(SolutionProperties) = preSolution
		HideSolutionNode = FALSE
	EndGlobalSection
	GlobalSection(ExtensibilityGlobals) = postSolution
		SolutionGuid = {C36006E9-A6C9-4CE6-BD64-37C62DB042E7}
	EndGlobalSection
EndGlobal
