
Microsoft Visual Studio Solution File, Format Version 12.00
# Visual Studio Version 16
VisualStudioVersion = 16.0.30804.86
MinimumVisualStudioVersion = 10.0.40219.1
Project("{FAE04EC0-301F-11D3-BF4B-00C04F79EFBC}") = "ExercicioVetores_5", "ExercicioVetores_5\ExercicioVetores_5.csproj", "{36B966C9-6EEB-4938-80B6-286329F89B46}"
EndProject
Global
	GlobalSection(SolutionConfigurationPlatforms) = preSolution
		Debug|Any CPU = Debug|Any CPU
		Release|Any CPU = Release|Any CPU
	EndGlobalSection
	GlobalSection(ProjectConfigurationPlatforms) = postSolution
		{36B966C9-6EEB-4938-80B6-286329F89B46}.Debug|Any CPU.ActiveCfg = Debug|Any CPU
		{36B966C9-6EEB-4938-80B6-286329F89B46}.Debug|Any CPU.Build.0 = Debug|Any CPU
		{36B966C9-6EEB-4938-80B6-286329F89B46}.Release|Any CPU.ActiveCfg = Release|Any CPU
		{36B966C9-6EEB-4938-80B6-286329F89B46}.Release|Any CPU.Build.0 = Release|Any CPU
	EndGlobalSection
	GlobalSection(SolutionProperties) = preSolution
		HideSolutionNode = FALSE
	EndGlobalSection
	GlobalSection(ExtensibilityGlobals) = postSolution
		SolutionGuid = {02CB644D-A205-4974-9C47-EF39FEF727EB}
	EndGlobalSection
EndGlobal
