
Microsoft Visual Studio Solution File, Format Version 12.00
# Visual Studio Version 16
VisualStudioVersion = 16.0.30517.126
MinimumVisualStudioVersion = 10.0.40219.1
Project("{FAE04EC0-301F-11D3-BF4B-00C04F79EFBC}") = "uri_1078", "uri_1078\uri_1078.csproj", "{8BED88C9-65DB-4C71-99CC-77CBA2568031}"
EndProject
Global
	GlobalSection(SolutionConfigurationPlatforms) = preSolution
		Debug|Any CPU = Debug|Any CPU
		Release|Any CPU = Release|Any CPU
	EndGlobalSection
	GlobalSection(ProjectConfigurationPlatforms) = postSolution
		{8BED88C9-65DB-4C71-99CC-77CBA2568031}.Debug|Any CPU.ActiveCfg = Debug|Any CPU
		{8BED88C9-65DB-4C71-99CC-77CBA2568031}.Debug|Any CPU.Build.0 = Debug|Any CPU
		{8BED88C9-65DB-4C71-99CC-77CBA2568031}.Release|Any CPU.ActiveCfg = Release|Any CPU
		{8BED88C9-65DB-4C71-99CC-77CBA2568031}.Release|Any CPU.Build.0 = Release|Any CPU
	EndGlobalSection
	GlobalSection(SolutionProperties) = preSolution
		HideSolutionNode = FALSE
	EndGlobalSection
	GlobalSection(ExtensibilityGlobals) = postSolution
		SolutionGuid = {D4F2082F-6089-4123-9CC1-9358103ED3B0}
	EndGlobalSection
EndGlobal
