
Microsoft Visual Studio Solution File, Format Version 12.00
# Visual Studio Version 16
VisualStudioVersion = 16.0.30517.126
MinimumVisualStudioVersion = 10.0.40219.1
Project("{FAE04EC0-301F-11D3-BF4B-00C04F79EFBC}") = "uri_1075", "uri_1075\uri_1075.csproj", "{4598335C-1C4D-4423-BABC-3B2B6B585B0B}"
EndProject
Global
	GlobalSection(SolutionConfigurationPlatforms) = preSolution
		Debug|Any CPU = Debug|Any CPU
		Release|Any CPU = Release|Any CPU
	EndGlobalSection
	GlobalSection(ProjectConfigurationPlatforms) = postSolution
		{4598335C-1C4D-4423-BABC-3B2B6B585B0B}.Debug|Any CPU.ActiveCfg = Debug|Any CPU
		{4598335C-1C4D-4423-BABC-3B2B6B585B0B}.Debug|Any CPU.Build.0 = Debug|Any CPU
		{4598335C-1C4D-4423-BABC-3B2B6B585B0B}.Release|Any CPU.ActiveCfg = Release|Any CPU
		{4598335C-1C4D-4423-BABC-3B2B6B585B0B}.Release|Any CPU.Build.0 = Release|Any CPU
	EndGlobalSection
	GlobalSection(SolutionProperties) = preSolution
		HideSolutionNode = FALSE
	EndGlobalSection
	GlobalSection(ExtensibilityGlobals) = postSolution
		SolutionGuid = {7217FF0A-859C-4D9C-BCDA-0E1E6C1DCFEA}
	EndGlobalSection
EndGlobal
