
Microsoft Visual Studio Solution File, Format Version 12.00
# Visual Studio Version 16
VisualStudioVersion = 16.0.30517.126
MinimumVisualStudioVersion = 10.0.40219.1
Project("{FAE04EC0-301F-11D3-BF4B-00C04F79EFBC}") = "uri_1154", "uri_1154\uri_1154.csproj", "{831D363E-CD66-4EB5-BBDA-7322CF0B7C9A}"
EndProject
Global
	GlobalSection(SolutionConfigurationPlatforms) = preSolution
		Debug|Any CPU = Debug|Any CPU
		Release|Any CPU = Release|Any CPU
	EndGlobalSection
	GlobalSection(ProjectConfigurationPlatforms) = postSolution
		{831D363E-CD66-4EB5-BBDA-7322CF0B7C9A}.Debug|Any CPU.ActiveCfg = Debug|Any CPU
		{831D363E-CD66-4EB5-BBDA-7322CF0B7C9A}.Debug|Any CPU.Build.0 = Debug|Any CPU
		{831D363E-CD66-4EB5-BBDA-7322CF0B7C9A}.Release|Any CPU.ActiveCfg = Release|Any CPU
		{831D363E-CD66-4EB5-BBDA-7322CF0B7C9A}.Release|Any CPU.Build.0 = Release|Any CPU
	EndGlobalSection
	GlobalSection(SolutionProperties) = preSolution
		HideSolutionNode = FALSE
	EndGlobalSection
	GlobalSection(ExtensibilityGlobals) = postSolution
		SolutionGuid = {EA4583E0-DCD1-4A8F-A3AE-929B4BC9B1D8}
	EndGlobalSection
EndGlobal
